{
    "_readme": [
        "This file locks the dependencies of your project to a known state",
        "Read more about it at https://getcomposer.org/doc/01-basic-usage.md#installing-dependencies",
        "This file is @generated automatically"
    ],
    "content-hash": "100b91c7dc3a35cbf2a755429a5e4a73",
    "packages": [
        {
            "name": "zadarma/user-api-v1",
            "version": "1.0.1",
            "source": {
                "type": "git",
                "url": "https://github.com/zadarma/user-api-v1.git",
                "reference": "ed187b095e2fbb492ce12a1a8cbacec67258aa93"
            },
            "dist": {
                "type": "zip",
                "url": "https://api.github.com/repos/zadarma/user-api-v1/zipball/ed187b095e2fbb492ce12a1a8cbacec67258aa93",
                "reference": "ed187b095e2fbb492ce12a1a8cbacec67258aa93",
                "shasum": ""
            },
            "type": "library",
            "autoload": {
                "psr-4": {
                    "Zadarma_API\\": "lib/"
                }
            },
            "notification-url": "https://packagist.org/downloads/",
            "license": [
                "MIT"
            ],
            "authors": [
                {
                    "name": "Zadarma",
                    "email": "github@zadarma.com"
                }
            ],
            "description": "PHP class for Zadarma API",
            "homepage": "https://github.com/zadarma/user-api-v1",
            "keywords": [
                "api",
                "free calls",
                "pbx",
                "sip",
                "zadarma"
            ],
            "support": {
                "issues": "https://github.com/zadarma/user-api-v1/issues",
                "source": "https://github.com/zadarma/user-api-v1/tree/master"
            },
            "time": "2016-06-23T08:52:02+00:00"
        }
    ],
    "packages-dev": [],
    "aliases": [],
    "minimum-stability": "stable",
    "stability-flags": [],
    "prefer-stable": false,
    "prefer-lowest": false,
    "platform": [],
    "platform-dev": [],
    "plugin-api-version": "2.3.0"
}
